
Microsoft Visual Studio Solution File, Format Version 12.00
# Visual Studio Version 17
VisualStudioVersion = 17.9.34723.18
MinimumVisualStudioVersion = 10.0.40219.1
Project("{FAE04EC0-301F-11D3-BF4B-00C04F79EFBC}") = "HumanShop", "HumanShop\HumanShop.csproj", "{8C6A2359-6151-4B44-8679-51DC18E885E5}"
EndProject
Global
	GlobalSection(SolutionConfigurationPlatforms) = preSolution
		Debug|Any CPU = Debug|Any CPU
		Release|Any CPU = Release|Any CPU
	EndGlobalSection
	GlobalSection(ProjectConfigurationPlatforms) = postSolution
		{8C6A2359-6151-4B44-8679-51DC18E885E5}.Debug|Any CPU.ActiveCfg = Debug|Any CPU
		{8C6A2359-6151-4B44-8679-51DC18E885E5}.Debug|Any CPU.Build.0 = Debug|Any CPU
		{8C6A2359-6151-4B44-8679-51DC18E885E5}.Release|Any CPU.ActiveCfg = Release|Any CPU
		{8C6A2359-6151-4B44-8679-51DC18E885E5}.Release|Any CPU.Build.0 = Release|Any CPU
	EndGlobalSection
	GlobalSection(SolutionProperties) = preSolution
		HideSolutionNode = FALSE
	EndGlobalSection
	GlobalSection(ExtensibilityGlobals) = postSolution
		SolutionGuid = {010FC603-A418-4A0F-BEDF-83F999BB0921}
	EndGlobalSection
EndGlobal
